
Microsoft Visual Studio Solution File, Format Version 12.00
# Visual Studio Version 16
VisualStudioVersion = 16.0.33214.272
MinimumVisualStudioVersion = 10.0.40219.1
Project("{FAE04EC0-301F-11D3-BF4B-00C04F79EFBC}") = "pract13_3_karamov", "pract13_3_karamov.csproj", "{C819B8C0-9389-4033-AC0E-54ACAB61D8FB}"
EndProject
Global
	GlobalSection(SolutionConfigurationPlatforms) = preSolution
		Debug|Any CPU = Debug|Any CPU
		Release|Any CPU = Release|Any CPU
	EndGlobalSection
	GlobalSection(ProjectConfigurationPlatforms) = postSolution
		{C819B8C0-9389-4033-AC0E-54ACAB61D8FB}.Debug|Any CPU.ActiveCfg = Debug|Any CPU
		{C819B8C0-9389-4033-AC0E-54ACAB61D8FB}.Debug|Any CPU.Build.0 = Debug|Any CPU
		{C819B8C0-9389-4033-AC0E-54ACAB61D8FB}.Release|Any CPU.ActiveCfg = Release|Any CPU
		{C819B8C0-9389-4033-AC0E-54ACAB61D8FB}.Release|Any CPU.Build.0 = Release|Any CPU
	EndGlobalSection
	GlobalSection(SolutionProperties) = preSolution
		HideSolutionNode = FALSE
	EndGlobalSection
	GlobalSection(ExtensibilityGlobals) = postSolution
		SolutionGuid = {E12F2BED-3E83-4738-B82B-5D917B863A54}
	EndGlobalSection
EndGlobal
